// !$*UTF8*$!
{
	archiveVersion = 1;
	classes = {
	};
	objectVersion = 50;
	objects = {

/* Begin PBXBuildFile section */
		4179E9A424AA51E20042DABF /* AppDelegate.swift in Sources */ = {isa = PBXBuildFile; fileRef = 4179E9A324AA51E20042DABF /* AppDelegate.swift */; };
		4179E9A624AA51E20042DABF /* SceneDelegate.swift in Sources */ = {isa = PBXBuildFile; fileRef = 4179E9A524AA51E20042DABF /* SceneDelegate.swift */; };
		4179E9A824AA51E20042DABF /* ViewController.swift in Sources */ = {isa = PBXBuildFile; fileRef = 4179E9A724AA51E20042DABF /* ViewController.swift */; };
		4179E9AB24AA51E20042DABF /* Main.storyboard in Resources */ = {isa = PBXBuildFile; fileRef = 4179E9A924AA51E20042DABF /* Main.storyboard */; };
		4179E9AD24AA51E50042DABF /* Assets.xcassets in Resources */ = {isa = PBXBuildFile; fileRef = 4179E9AC24AA51E50042DABF /* Assets.xcassets */; };
		4179E9B024AA51E50042DABF /* LaunchScreen.storyboard in Resources */ = {isa = PBXBuildFile; fileRef = 4179E9AE24AA51E50042DABF /* LaunchScreen.storyboard */; };
		41A6F41724AB3113009279D7 /* OptionsViewController.swift in Sources */ = {isa = PBXBuildFile; fileRef = 41A6F41624AB3113009279D7 /* OptionsViewController.swift */; };
/* End PBXBuildFile section */

/* Begin PBXFileReference section */
		4179E9A024AA51E20042DABF /* Homework50.app */ = {isa = PBXFileReference; explicitFileType = wrapper.application; includeInIndex = 0; path = Homework50.app; sourceTree = BUILT_PRODUCTS_DIR; };
		4179E9A324AA51E20042DABF /* AppDelegate.swift */ = {isa = PBXFileReference; lastKnownFileType = sourcecode.swift; path = AppDelegate.swift; sourceTree = "<group>"; };
		4179E9A524AA51E20042DABF /* SceneDelegate.swift */ = {isa = PBXFileReference; lastKnownFileType = sourcecode.swift; path = SceneDelegate.swift; sourceTree = "<group>"; };
		4179E9A724AA51E20042DABF /* ViewController.swift */ = {isa = PBXFileReference; lastKnownFileType = sourcecode.swift; path = ViewController.swift; sourceTree = "<group>"; };
		4179E9AA24AA51E20042DABF /* Base */ = {isa = PBXFileReference; lastKnownFileType = file.storyboard; name = Base; path = Base.lproj/Main.storyboard; sourceTree = "<group>"; };
		4179E9AC24AA51E50042DABF /* Assets.xcassets */ = {isa = PBXFileReference; lastKnownFileType = folder.assetcatalog; path = Assets.xcassets; sourceTree = "<group>"; };
		4179E9AF24AA51E50042DABF /* Base */ = {isa = PBXFileReference; lastKnownFileType = file.storyboard; name = Base; path = Base.lproj/LaunchScreen.storyboard; sourceTree = "<group>"; };
		4179E9B124AA51E50042DABF /* Info.plist */ = {isa = PBXFileReference; lastKnownFileType = text.plist.xml; path = Info.plist; sourceTree = "<group>"; };
		41A6F41624AB3113009279D7 /* OptionsViewController.swift */ = {isa = PBXFileReference; lastKnownFileType = sourcecode.swift; path = OptionsViewController.swift; sourceTree = "<group>"; };
/* End PBXFileReference section */

/* Begin PBXFrameworksBuildPhase section */
		4179E99D24AA51E20042DABF /* Frameworks */ = {
			isa = PBXFrameworksBuildPhase;
			buildActionMask = 2147483647;
			files = (
			);
			runOnlyForDeploymentPostprocessing = 0;
		};
/* End PBXFrameworksBuildPhase section */

/* Begin PBXGroup section */
		4179E99724AA51E20042DABF = {
			isa = PBXGroup;
			children = (
				4179E9A224AA51E20042DABF /* Homework50 */,
				4179E9A124AA51E20042DABF /* Products */,
			);
			sourceTree = "<group>";
		};
		4179E9A124AA51E20042DABF /* Products */ = {
			isa = PBXGroup;
			children = (
				4179E9A024AA51E20042DABF /* Homework50.app */,
			);
			name = Products;
			sourceTree = "<group>";
		};
		4179E9A224AA51E20042DABF /* Homework50 */ = {
			isa = PBXGroup;
			children = (
				4179E9A324AA51E20042DABF /* AppDelegate.swift */,
				4179E9A524AA51E20042DABF /* SceneDelegate.swift */,
				4179E9A724AA51E20042DABF /* ViewController.swift */,
				4179E9A924AA51E20042DABF /* Main.storyboard */,
				4179E9AC24AA51E50042DABF /* Assets.xcassets */,
				4179E9AE24AA51E50042DABF /* LaunchScreen.storyboard */,
				4179E9B124AA51E50042DABF /* Info.plist */,
				41A6F41624AB3113009279D7 /* OptionsViewController.swift */,
			);
			path = Homework50;
			sourceTree = "<group>";
		};
/* End PBXGroup section */

/* Begin PBXNativeTarget section */
		4179E99F24AA51E20042DABF /* Homework50 */ = {
			isa = PBXNativeTarget;
			buildConfigurationList = 4179E9B424AA51E50042DABF /* Build configuration list for PBXNativeTarget "Homework50" */;
			buildPhases = (
				4179E99C24AA51E20042DABF /* Sources */,
				4179E99D24AA51E20042DABF /* Frameworks */,
				4179E99E24AA51E20042DABF /* Resources */,
			);
			buildRules = (
			);
			dependencies = (
			);
			name = Homework50;
			productName = Homework50;
			productReference = 4179E9A024AA51E20042DABF /* Homework50.app */;
			productType = "com.apple.product-type.application";
		};
/* End PBXNativeTarget section */

/* Begin PBXProject section */
		4179E99824AA51E20042DABF /* Project object */ = {
			isa = PBXProject;
			attributes = {
				LastSwiftUpdateCheck = 1150;
				LastUpgradeCheck = 1150;
				ORGANIZATIONNAME = TBC;
				TargetAttributes = {
					4179E99F24AA51E20042DABF = {
						CreatedOnToolsVersion = 11.5;
					};
				};
			};
			buildConfigurationList = 4179E99B24AA51E20042DABF /* Build configuration list for PBXProject "Homework50" */;
			compatibilityVersion = "Xcode 9.3";
			developmentRegion = en;
			hasScannedForEncodings = 0;
			knownRegions = (
				en,
				Base,
			);
			mainGroup = 4179E99724AA51E20042DABF;
			productRefGroup = 4179E9A124AA51E20042DABF /* Products */;
			projectDirPath = "";
			projectRoot = "";
			targets = (
				4179E99F24AA51E20042DABF /* Homework50 */,
			);
		};
/* End PBXProject section */

/* Begin PBXResourcesBuildPhase section */
		4179E99E24AA51E20042DABF /* Resources */ = {
			isa = PBXResourcesBuildPhase;
			buildActionMask = 2147483647;
			files = (
				4179E9B024AA51E50042DABF /* LaunchScreen.storyboard in Resources */,
				4179E9AD24AA51E50042DABF /* Assets.xcassets in Resources */,
				4179E9AB24AA51E20042DABF /* Main.storyboard in Resources */,
			);
			runOnlyForDeploymentPostprocessing = 0;
		};
/* End PBXResourcesBuildPhase section */

/* Begin PBXSourcesBuildPhase section */
		4179E99C24AA51E20042DABF /* Sources */ = {
			isa = PBXSourcesBuildPhase;
			buildActionMask = 2147483647;
			files = (
				4179E9A824AA51E20042DABF /* ViewController.swift in Sources */,
				41A6F41724AB3113009279D7 /* OptionsViewController.swift in Sources */,
				4179E9A424AA51E20042DABF /* AppDelegate.swift in Sources */,
				4179E9A624AA51E20042DABF /* SceneDelegate.swift in Sources */,
			);
			runOnlyForDeploymentPostprocessing = 0;
		};
/* End PBXSourcesBuildPhase section */

/* Begin PBXVariantGroup section */
		4179E9A924AA51E20042DABF /* Main.storyboard */ = {
			isa = PBXVariantGroup;
			children = (
				4179E9AA24AA51E20042DABF /* Base */,
			);
			name = Main.storyboard;
			sourceTree = "<group>";
		};
		4179E9AE24AA51E50042DABF /* LaunchScreen.storyboard */ = {
			isa = PBXVariantGroup;
			children = (
				4179E9AF24AA51E50042DABF /* Base */,
			);
			name = LaunchScreen.storyboard;
			sourceTree = "<group>";
		};
/* End PBXVariantGroup section */

/* Begin XCBuildConfiguration section */
		4179E9B224AA51E50042DABF /* Debug */ = {
			isa = XCBuildConfiguration;
			buildSettings = {
				ALWAYS_SEARCH_USER_PATHS = NO;
				CLANG_ANALYZER_NONNULL = YES;
				CLANG_ANALYZER_NUMBER_OBJECT_CONVERSION = YES_AGGRESSIVE;
				CLANG_CXX_LANGUAGE_STANDARD = "gnu++14";
				CLANG_CXX_LIBRARY = "libc++";
				CLANG_ENABLE_MODULES = YES;
				CLANG_ENABLE_OBJC_ARC = YES;
				CLANG_ENABLE_OBJC_WEAK = YES;
				CLANG_WARN_BLOCK_CAPTURE_AUTORELEASING = YES;
				CLANG_WARN_BOOL_CONVERSION = YES;
				CLANG_WARN_COMMA = YES;
				CLANG_WARN_CONSTANT_CONVERSION = YES;
				CLANG_WARN_DEPRECATED_OBJC_IMPLEMENTATIONS = YES;
				CLANG_WARN_DIRECT_OBJC_ISA_USAGE = YES_ERROR;
				CLANG_WARN_DOCUMENTATION_COMMENTS = YES;
				CLANG_WARN_EMPTY_BODY = YES;
				CLANG_WARN_ENUM_CONVERSION = YES;
				CLANG_WARN_INFINITE_RECURSION = YES;
				CLANG_WARN_INT_CONVERSION = YES;
				CLANG_WARN_NON_LITERAL_NULL_CONVERSION = YES;
				CLANG_WARN_OBJC_IMPLICIT_RETAIN_SELF = YES;
				CLANG_WARN_OBJC_LITERAL_CONVERSION = YES;
				CLANG_WARN_OBJC_ROOT_CLASS = YES_ERROR;
				CLANG_WARN_RANGE_LOOP_ANALYSIS = YES;
				CLANG_WARN_STRICT_PROTOTYPES = YES;
				CLANG_WARN_SUSPICIOUS_MOVE = YES;
				CLANG_WARN_UNGUARDED_AVAILABILITY = YES_AGGRESSIVE;
				CLANG_WARN_UNREACHABLE_CODE = YES;
				CLANG_WARN__DUPLICATE_METHOD_MATCH = YES;
				COPY_PHASE_STRIP = NO;
				DEBUG_INFORMATION_FORMAT = dwarf;
				ENABLE_STRICT_OBJC_MSGSEND = YES;
				ENABLE_TESTABILITY = YES;
				GCC_C_LANGUAGE_STANDARD = gnu11;
				GCC_DYNAMIC_NO_PIC = NO;
				GCC_NO_COMMON_BLOCKS = YES;
				GCC_OPTIMIZATION_LEVEL = 0;
				GCC_PREPROCESSOR_DEFINITIONS = (
					"DEBUG=1",
					"$(inherited)",
				);
				GCC_WARN_64_TO_32_BIT_CONVERSION = YES;
				GCC_WARN_ABOUT_RETURN_TYPE = YES_ERROR;
				GCC_WARN_UNDECLARED_SELECTOR = YES;
				GCC_WARN_UNINITIALIZED_AUTOS = YES_AGGRESSIVE;
				GCC_WARN_UNUSED_FUNCTION = YES;
				GCC_WARN_UNUSED_VARIABLE = YES;
				IPHONEOS_DEPLOYMENT_TARGET = 13.5;
				MTL_ENABLE_DEBUG_INFO = INCLUDE_SOURCE;
				MTL_FAST_MATH = YES;
				ONLY_ACTIVE_ARCH = YES;
				SDKROOT = iphoneos;
				SWIFT_ACTIVE_COMPILATION_CONDITIONS = DEBUG;
				SWIFT_OPTIMIZATION_LEVEL = "-Onone";
			};
			name = Debug;
		};
		4179E9B324AA51E50042DABF /* Release */ = {
			isa = XCBuildConfiguration;
			buildSettings = {
				ALWAYS_SEARCH_USER_PATHS = NO;
				CLANG_ANALYZER_NONNULL = YES;
				CLANG_ANALYZER_NUMBER_OBJECT_CONVERSION = YES_AGGRESSIVE;
				CLANG_CXX_LANGUAGE_STANDARD = "gnu++14";
				CLANG_CXX_LIBRARY = "libc++";
				CLANG_ENABLE_MODULES = YES;
				CLANG_ENABLE_OBJC_ARC = YES;
				CLANG_ENABLE_OBJC_WEAK = YES;
				CLANG_WARN_BLOCK_CAPTURE_AUTORELEASING = YES;
				CLANG_WARN_BOOL_CONVERSION = YES;
				CLANG_WARN_COMMA = YES;
				CLANG_WARN_CONSTANT_CONVERSION = YES;
				CLANG_WARN_DEPRECATED_OBJC_IMPLEMENTATIONS = YES;
				CLANG_WARN_DIRECT_OBJC_ISA_USAGE = YES_ERROR;
				CLANG_WARN_DOCUMENTATION_COMMENTS = YES;
				CLANG_WARN_EMPTY_BODY = YES;
				CLANG_WARN_ENUM_CONVERSION = YES;
				CLANG_WARN_INFINITE_RECURSION = YES;
				CLANG_WARN_INT_CONVERSION = YES;
				CLANG_WARN_NON_LITERAL_NULL_CONVERSION = YES;
				CLANG_WARN_OBJC_IMPLICIT_RETAIN_SELF = YES;
				CLANG_WARN_OBJC_LITERAL_CONVERSION = YES;
				CLANG_WARN_OBJC_ROOT_CLASS = YES_ERROR;
				CLANG_WARN_RANGE_LOOP_ANALYSIS = YES;
				CLANG_WARN_STRICT_PROTOTYPES = YES;
				CLANG_WARN_SUSPICIOUS_MOVE = YES;
				CLANG_WARN_UNGUARDED_AVAILABILITY = YES_AGGRESSIVE;
				CLANG_WARN_UNREACHABLE_CODE = YES;
				CLANG_WARN__DUPLICATE_METHOD_MATCH = YES;
				COPY_PHASE_STRIP = NO;
				DEBUG_INFORMATION_FORMAT = "dwarf-with-dsym";
				ENABLE_NS_ASSERTIONS = NO;
				ENABLE_STRICT_OBJC_MSGSEND = YES;
				GCC_C_LANGUAGE_STANDARD = gnu11;
				GCC_NO_COMMON_BLOCKS = YES;
				GCC_WARN_64_TO_32_BIT_CONVERSION = YES;
				GCC_WARN_ABOUT_RETURN_TYPE = YES_ERROR;
				GCC_WARN_UNDECLARED_SELECTOR = YES;
				GCC_WARN_UNINITIALIZED_AUTOS = YES_AGGRESSIVE;
				GCC_WARN_UNUSED_FUNCTION = YES;
				GCC_WARN_UNUSED_VARIABLE = YES;
				IPHONEOS_DEPLOYMENT_TARGET = 13.5;
				MTL_ENABLE_DEBUG_INFO = NO;
				MTL_FAST_MATH = YES;
				SDKROOT = iphoneos;
				SWIFT_COMPILATION_MODE = wholemodule;
				SWIFT_OPTIMIZATION_LEVEL = "-O";
				VALIDATE_PRODUCT = YES;
			};
			name = Release;
		};
		4179E9B524AA51E50042DABF /* Debug */ = {
			isa = XCBuildConfiguration;
			buildSettings = {
				ASSETCATALOG_COMPILER_APPICON_NAME = AppIcon;
				CODE_SIGN_STYLE = Automatic;
				INFOPLIST_FILE = Homework50/Info.plist;
				LD_RUNPATH_SEARCH_PATHS = (
					"$(inherited)",
					"@executable_path/Frameworks",
				);
				PRODUCT_BUNDLE_IDENTIFIER = ge.tbcbank.Homework50;
				PRODUCT_NAME = "$(TARGET_NAME)";
				SWIFT_VERSION = 5.0;
				TARGETED_DEVICE_FAMILY = "1,2";
			};
			name = Debug;
		};
		4179E9B624AA51E50042DABF /* Release */ = {
			isa = XCBuildConfiguration;
			buildSettings = {
				ASSETCATALOG_COMPILER_APPICON_NAME = AppIcon;
				CODE_SIGN_STYLE = Automatic;
				INFOPLIST_FILE = Homework50/Info.plist;
				LD_RUNPATH_SEARCH_PATHS = (
					"$(inherited)",
					"@executable_path/Frameworks",
				);
				PRODUCT_BUNDLE_IDENTIFIER = ge.tbcbank.Homework50;
				PRODUCT_NAME = "$(TARGET_NAME)";
				SWIFT_VERSION = 5.0;
				TARGETED_DEVICE_FAMILY = "1,2";
			};
			name = Release;
		};
/* End XCBuildConfiguration section */

/* Begin XCConfigurationList section */
		4179E99B24AA51E20042DABF /* Build configuration list for PBXProject "Homework50" */ = {
			isa = XCConfigurationList;
			buildConfigurations = (
				4179E9B224AA51E50042DABF /* Debug */,
				4179E9B324AA51E50042DABF /* Release */,
			);
			defaultConfigurationIsVisible = 0;
			defaultConfigurationName = Release;
		};
		4179E9B424AA51E50042DABF /* Build configuration list for PBXNativeTarget "Homework50" */ = {
			isa = XCConfigurationList;
			buildConfigurations = (
				4179E9B524AA51E50042DABF /* Debug */,
				4179E9B624AA51E50042DABF /* Release */,
			);
			defaultConfigurationIsVisible = 0;
			defaultConfigurationName = Release;
		};
/* End XCConfigurationList section */
	};
	rootObject = 4179E99824AA51E20042DABF /* Project object */;
}
